
Microsoft Visual Studio Solution File, Format Version 12.00
# Visual Studio Version 17
VisualStudioVersion = 17.14.37012.4
MinimumVisualStudioVersion = 10.0.40219.1
Project("{FAE04EC0-301F-11D3-BF4B-00C04F79EFBC}") = "CyberAwarenessBot", "Prog POE Part 1\CyberAwarenessBot.csproj", "{C57D164B-48E8-4519-B52B-DF17DE0BE642}"
EndProject
Project("{FAE04EC0-301F-11D3-BF4B-00C04F79EFBC}") = "CyberAwarenessBotGUI1", "CyberAwarenessBotGUI1\CyberAwarenessBotGUI1.csproj", "{3479F5FE-13E7-41B4-AD67-3D2931B3A2F5}"
EndProject
Global
	GlobalSection(SolutionConfigurationPlatforms) = preSolution
		Debug|Any CPU = Debug|Any CPU
		Release|Any CPU = Release|Any CPU
	EndGlobalSection
	GlobalSection(ProjectConfigurationPlatforms) = postSolution
		{C57D164B-48E8-4519-B52B-DF17DE0BE642}.Debug|Any CPU.ActiveCfg = Debug|Any CPU
		{C57D164B-48E8-4519-B52B-DF17DE0BE642}.Debug|Any CPU.Build.0 = Debug|Any CPU
		{C57D164B-48E8-4519-B52B-DF17DE0BE642}.Release|Any CPU.ActiveCfg = Release|Any CPU
		{C57D164B-48E8-4519-B52B-DF17DE0BE642}.Release|Any CPU.Build.0 = Release|Any CPU
		{3479F5FE-13E7-41B4-AD67-3D2931B3A2F5}.Debug|Any CPU.ActiveCfg = Debug|Any CPU
		{3479F5FE-13E7-41B4-AD67-3D2931B3A2F5}.Debug|Any CPU.Build.0 = Debug|Any CPU
		{3479F5FE-13E7-41B4-AD67-3D2931B3A2F5}.Release|Any CPU.ActiveCfg = Release|Any CPU
		{3479F5FE-13E7-41B4-AD67-3D2931B3A2F5}.Release|Any CPU.Build.0 = Release|Any CPU
	EndGlobalSection
	GlobalSection(SolutionProperties) = preSolution
		HideSolutionNode = FALSE
	EndGlobalSection
	GlobalSection(ExtensibilityGlobals) = postSolution
		SolutionGuid = {B011057E-F818-4598-AC57-F02EA884BC5D}
	EndGlobalSection
EndGlobal
